// !$*UTF8*$!
{
	archiveVersion = 1;
	classes = {
	};
	objectVersion = 56;
	objects = {

/* Begin PBXBuildFile section */
		649A2DD92A3C969000493E53 /* MoviesApp.swift in Sources */ = {isa = PBXBuildFile; fileRef = 649A2DD82A3C969000493E53 /* MoviesApp.swift */; };
		649A2DDB2A3C969000493E53 /* ContentView.swift in Sources */ = {isa = PBXBuildFile; fileRef = 649A2DDA2A3C969000493E53 /* ContentView.swift */; };
		649A2DDD2A3C969200493E53 /* Assets.xcassets in Resources */ = {isa = PBXBuildFile; fileRef = 649A2DDC2A3C969200493E53 /* Assets.xcassets */; };
		649A2DE02A3C969200493E53 /* Preview Assets.xcassets in Resources */ = {isa = PBXBuildFile; fileRef = 649A2DDF2A3C969200493E53 /* Preview Assets.xcassets */; };
		649A2DE72A3C976E00493E53 /* NetworkManager.swift in Sources */ = {isa = PBXBuildFile; fileRef = 649A2DE62A3C976E00493E53 /* NetworkManager.swift */; };
		649A2DEA2A3C985400493E53 /* Movie.swift in Sources */ = {isa = PBXBuildFile; fileRef = 649A2DE92A3C985400493E53 /* Movie.swift */; };
		649A2DEC2A3C987F00493E53 /* MovieDetails.swift in Sources */ = {isa = PBXBuildFile; fileRef = 649A2DEB2A3C987F00493E53 /* MovieDetails.swift */; };
		649A2DEF2A3C99B100493E53 /* MovieData.swift in Sources */ = {isa = PBXBuildFile; fileRef = 649A2DEE2A3C99B100493E53 /* MovieData.swift */; };
		649A2DF22A3C9BD600493E53 /* MovieDetailsData.swift in Sources */ = {isa = PBXBuildFile; fileRef = 649A2DF12A3C9BD600493E53 /* MovieDetailsData.swift */; };
		649A2DF42A3C9C6600493E53 /* MoviesListView.swift in Sources */ = {isa = PBXBuildFile; fileRef = 649A2DF32A3C9C6600493E53 /* MoviesListView.swift */; };
		649A2DF72A3C9CB400493E53 /* MovieDetailsView.swift in Sources */ = {isa = PBXBuildFile; fileRef = 649A2DF62A3C9CB400493E53 /* MovieDetailsView.swift */; };
		649A2DF92A3C9F2600493E53 /* MovieImageView.swift in Sources */ = {isa = PBXBuildFile; fileRef = 649A2DF82A3C9F2600493E53 /* MovieImageView.swift */; };
		649A2DFB2A3C9F5100493E53 /* ImageLoader.swift in Sources */ = {isa = PBXBuildFile; fileRef = 649A2DFA2A3C9F5100493E53 /* ImageLoader.swift */; };
		649A2DFD2A3CA3F300493E53 /* PlaceholderImageView.swift in Sources */ = {isa = PBXBuildFile; fileRef = 649A2DFC2A3CA3F300493E53 /* PlaceholderImageView.swift */; };
		649A2DFF2A3CA87600493E53 /* MovieFilterUseCase.swift in Sources */ = {isa = PBXBuildFile; fileRef = 649A2DFE2A3CA87600493E53 /* MovieFilterUseCase.swift */; };
		649A2E022A3CAEB800493E53 /* MovieSortUseCase.swift in Sources */ = {isa = PBXBuildFile; fileRef = 649A2E012A3CAEB800493E53 /* MovieSortUseCase.swift */; };
/* End PBXBuildFile section */

/* Begin PBXFileReference section */
		649A2DD52A3C969000493E53 /* Movies.app */ = {isa = PBXFileReference; explicitFileType = wrapper.application; includeInIndex = 0; path = Movies.app; sourceTree = BUILT_PRODUCTS_DIR; };
		649A2DD82A3C969000493E53 /* MoviesApp.swift */ = {isa = PBXFileReference; lastKnownFileType = sourcecode.swift; path = MoviesApp.swift; sourceTree = "<group>"; };
		649A2DDA2A3C969000493E53 /* ContentView.swift */ = {isa = PBXFileReference; lastKnownFileType = sourcecode.swift; path = ContentView.swift; sourceTree = "<group>"; };
		649A2DDC2A3C969200493E53 /* Assets.xcassets */ = {isa = PBXFileReference; lastKnownFileType = folder.assetcatalog; path = Assets.xcassets; sourceTree = "<group>"; };
		649A2DDF2A3C969200493E53 /* Preview Assets.xcassets */ = {isa = PBXFileReference; lastKnownFileType = folder.assetcatalog; path = "Preview Assets.xcassets"; sourceTree = "<group>"; };
		649A2DE62A3C976E00493E53 /* NetworkManager.swift */ = {isa = PBXFileReference; lastKnownFileType = sourcecode.swift; path = NetworkManager.swift; sourceTree = "<group>"; };
		649A2DE92A3C985400493E53 /* Movie.swift */ = {isa = PBXFileReference; lastKnownFileType = sourcecode.swift; path = Movie.swift; sourceTree = "<group>"; };
		649A2DEB2A3C987F00493E53 /* MovieDetails.swift */ = {isa = PBXFileReference; lastKnownFileType = sourcecode.swift; path = MovieDetails.swift; sourceTree = "<group>"; };
		649A2DEE2A3C99B100493E53 /* MovieData.swift */ = {isa = PBXFileReference; lastKnownFileType = sourcecode.swift; path = MovieData.swift; sourceTree = "<group>"; };
		649A2DF12A3C9BD600493E53 /* MovieDetailsData.swift */ = {isa = PBXFileReference; lastKnownFileType = sourcecode.swift; path = MovieDetailsData.swift; sourceTree = "<group>"; };
		649A2DF32A3C9C6600493E53 /* MoviesListView.swift */ = {isa = PBXFileReference; lastKnownFileType = sourcecode.swift; path = MoviesListView.swift; sourceTree = "<group>"; };
		649A2DF62A3C9CB400493E53 /* MovieDetailsView.swift */ = {isa = PBXFileReference; lastKnownFileType = sourcecode.swift; path = MovieDetailsView.swift; sourceTree = "<group>"; };
		649A2DF82A3C9F2600493E53 /* MovieImageView.swift */ = {isa = PBXFileReference; lastKnownFileType = sourcecode.swift; path = MovieImageView.swift; sourceTree = "<group>"; };
		649A2DFA2A3C9F5100493E53 /* ImageLoader.swift */ = {isa = PBXFileReference; lastKnownFileType = sourcecode.swift; path = ImageLoader.swift; sourceTree = "<group>"; };
		649A2DFC2A3CA3F300493E53 /* PlaceholderImageView.swift */ = {isa = PBXFileReference; lastKnownFileType = sourcecode.swift; path = PlaceholderImageView.swift; sourceTree = "<group>"; };
		649A2DFE2A3CA87600493E53 /* MovieFilterUseCase.swift */ = {isa = PBXFileReference; lastKnownFileType = sourcecode.swift; path = MovieFilterUseCase.swift; sourceTree = "<group>"; };
		649A2E012A3CAEB800493E53 /* MovieSortUseCase.swift */ = {isa = PBXFileReference; lastKnownFileType = sourcecode.swift; path = MovieSortUseCase.swift; sourceTree = "<group>"; };
/* End PBXFileReference section */

/* Begin PBXFrameworksBuildPhase section */
		649A2DD22A3C969000493E53 /* Frameworks */ = {
			isa = PBXFrameworksBuildPhase;
			buildActionMask = 2147483647;
			files = (
			);
			runOnlyForDeploymentPostprocessing = 0;
		};
/* End PBXFrameworksBuildPhase section */

/* Begin PBXGroup section */
		649A2DCC2A3C969000493E53 = {
			isa = PBXGroup;
			children = (
				649A2DD72A3C969000493E53 /* Movies */,
				649A2DD62A3C969000493E53 /* Products */,
			);
			sourceTree = "<group>";
		};
		649A2DD62A3C969000493E53 /* Products */ = {
			isa = PBXGroup;
			children = (
				649A2DD52A3C969000493E53 /* Movies.app */,
			);
			name = Products;
			sourceTree = "<group>";
		};
		649A2DD72A3C969000493E53 /* Movies */ = {
			isa = PBXGroup;
			children = (
				649A2DD82A3C969000493E53 /* MoviesApp.swift */,
				649A2DDA2A3C969000493E53 /* ContentView.swift */,
				649A2DDC2A3C969200493E53 /* Assets.xcassets */,
				649A2DDE2A3C969200493E53 /* Preview Content */,
				649A2DED2A3C988F00493E53 /* Models */,
				649A2DE82A3C979E00493E53 /* NetworkLayer */,
				649A2DF02A3C9AEC00493E53 /* DataLayer */,
				649A2DF52A3C9C6B00493E53 /* PresentationLayer */,
				649A2E002A3CA89000493E53 /* DomainLayer */,
			);
			path = Movies;
			sourceTree = "<group>";
		};
		649A2DDE2A3C969200493E53 /* Preview Content */ = {
			isa = PBXGroup;
			children = (
				649A2DDF2A3C969200493E53 /* Preview Assets.xcassets */,
			);
			path = "Preview Content";
			sourceTree = "<group>";
		};
		649A2DE82A3C979E00493E53 /* NetworkLayer */ = {
			isa = PBXGroup;
			children = (
				649A2DE62A3C976E00493E53 /* NetworkManager.swift */,
			);
			path = NetworkLayer;
			sourceTree = "<group>";
		};
		649A2DED2A3C988F00493E53 /* Models */ = {
			isa = PBXGroup;
			children = (
				649A2DE92A3C985400493E53 /* Movie.swift */,
				649A2DEB2A3C987F00493E53 /* MovieDetails.swift */,
			);
			path = Models;
			sourceTree = "<group>";
		};
		649A2DF02A3C9AEC00493E53 /* DataLayer */ = {
			isa = PBXGroup;
			children = (
				649A2DEE2A3C99B100493E53 /* MovieData.swift */,
				649A2DF12A3C9BD600493E53 /* MovieDetailsData.swift */,
				649A2DFA2A3C9F5100493E53 /* ImageLoader.swift */,
			);
			path = DataLayer;
			sourceTree = "<group>";
		};
		649A2DF52A3C9C6B00493E53 /* PresentationLayer */ = {
			isa = PBXGroup;
			children = (
				649A2DF32A3C9C6600493E53 /* MoviesListView.swift */,
				649A2DF62A3C9CB400493E53 /* MovieDetailsView.swift */,
				649A2DF82A3C9F2600493E53 /* MovieImageView.swift */,
				649A2DFC2A3CA3F300493E53 /* PlaceholderImageView.swift */,
			);
			path = PresentationLayer;
			sourceTree = "<group>";
		};
		649A2E002A3CA89000493E53 /* DomainLayer */ = {
			isa = PBXGroup;
			children = (
				649A2DFE2A3CA87600493E53 /* MovieFilterUseCase.swift */,
				649A2E012A3CAEB800493E53 /* MovieSortUseCase.swift */,
			);
			path = DomainLayer;
			sourceTree = "<group>";
		};
/* End PBXGroup section */

/* Begin PBXNativeTarget section */
		649A2DD42A3C969000493E53 /* Movies */ = {
			isa = PBXNativeTarget;
			buildConfigurationList = 649A2DE32A3C969200493E53 /* Build configuration list for PBXNativeTarget "Movies" */;
			buildPhases = (
				649A2DD12A3C969000493E53 /* Sources */,
				649A2DD22A3C969000493E53 /* Frameworks */,
				649A2DD32A3C969000493E53 /* Resources */,
			);
			buildRules = (
			);
			dependencies = (
			);
			name = Movies;
			productName = Movies;
			productReference = 649A2DD52A3C969000493E53 /* Movies.app */;
			productType = "com.apple.product-type.application";
		};
/* End PBXNativeTarget section */

/* Begin PBXProject section */
		649A2DCD2A3C969000493E53 /* Project object */ = {
			isa = PBXProject;
			attributes = {
				BuildIndependentTargetsInParallel = 1;
				LastSwiftUpdateCheck = 1430;
				LastUpgradeCheck = 1430;
				TargetAttributes = {
					649A2DD42A3C969000493E53 = {
						CreatedOnToolsVersion = 14.3;
					};
				};
			};
			buildConfigurationList = 649A2DD02A3C969000493E53 /* Build configuration list for PBXProject "Movies" */;
			compatibilityVersion = "Xcode 14.0";
			developmentRegion = en;
			hasScannedForEncodings = 0;
			knownRegions = (
				en,
				Base,
			);
			mainGroup = 649A2DCC2A3C969000493E53;
			productRefGroup = 649A2DD62A3C969000493E53 /* Products */;
			projectDirPath = "";
			projectRoot = "";
			targets = (
				649A2DD42A3C969000493E53 /* Movies */,
			);
		};
/* End PBXProject section */

/* Begin PBXResourcesBuildPhase section */
		649A2DD32A3C969000493E53 /* Resources */ = {
			isa = PBXResourcesBuildPhase;
			buildActionMask = 2147483647;
			files = (
				649A2DE02A3C969200493E53 /* Preview Assets.xcassets in Resources */,
				649A2DDD2A3C969200493E53 /* Assets.xcassets in Resources */,
			);
			runOnlyForDeploymentPostprocessing = 0;
		};
/* End PBXResourcesBuildPhase section */

/* Begin PBXSourcesBuildPhase section */
		649A2DD12A3C969000493E53 /* Sources */ = {
			isa = PBXSourcesBuildPhase;
			buildActionMask = 2147483647;
			files = (
				649A2DF22A3C9BD600493E53 /* MovieDetailsData.swift in Sources */,
				649A2DF92A3C9F2600493E53 /* MovieImageView.swift in Sources */,
				649A2DF42A3C9C6600493E53 /* MoviesListView.swift in Sources */,
				649A2DEF2A3C99B100493E53 /* MovieData.swift in Sources */,
				649A2DE72A3C976E00493E53 /* NetworkManager.swift in Sources */,
				649A2DFB2A3C9F5100493E53 /* ImageLoader.swift in Sources */,
				649A2DDB2A3C969000493E53 /* ContentView.swift in Sources */,
				649A2DEA2A3C985400493E53 /* Movie.swift in Sources */,
				649A2DF72A3C9CB400493E53 /* MovieDetailsView.swift in Sources */,
				649A2DEC2A3C987F00493E53 /* MovieDetails.swift in Sources */,
				649A2E022A3CAEB800493E53 /* MovieSortUseCase.swift in Sources */,
				649A2DFD2A3CA3F300493E53 /* PlaceholderImageView.swift in Sources */,
				649A2DFF2A3CA87600493E53 /* MovieFilterUseCase.swift in Sources */,
				649A2DD92A3C969000493E53 /* MoviesApp.swift in Sources */,
			);
			runOnlyForDeploymentPostprocessing = 0;
		};
/* End PBXSourcesBuildPhase section */

/* Begin XCBuildConfiguration section */
		649A2DE12A3C969200493E53 /* Debug */ = {
			isa = XCBuildConfiguration;
			buildSettings = {
				ALWAYS_SEARCH_USER_PATHS = NO;
				CLANG_ANALYZER_NONNULL = YES;
				CLANG_ANALYZER_NUMBER_OBJECT_CONVERSION = YES_AGGRESSIVE;
				CLANG_CXX_LANGUAGE_STANDARD = "gnu++20";
				CLANG_ENABLE_MODULES = YES;
				CLANG_ENABLE_OBJC_ARC = YES;
				CLANG_ENABLE_OBJC_WEAK = YES;
				CLANG_WARN_BLOCK_CAPTURE_AUTORELEASING = YES;
				CLANG_WARN_BOOL_CONVERSION = YES;
				CLANG_WARN_COMMA = YES;
				CLANG_WARN_CONSTANT_CONVERSION = YES;
				CLANG_WARN_DEPRECATED_OBJC_IMPLEMENTATIONS = YES;
				CLANG_WARN_DIRECT_OBJC_ISA_USAGE = YES_ERROR;
				CLANG_WARN_DOCUMENTATION_COMMENTS = YES;
				CLANG_WARN_EMPTY_BODY = YES;
				CLANG_WARN_ENUM_CONVERSION = YES;
				CLANG_WARN_INFINITE_RECURSION = YES;
				CLANG_WARN_INT_CONVERSION = YES;
				CLANG_WARN_NON_LITERAL_NULL_CONVERSION = YES;
				CLANG_WARN_OBJC_IMPLICIT_RETAIN_SELF = YES;
				CLANG_WARN_OBJC_LITERAL_CONVERSION = YES;
				CLANG_WARN_OBJC_ROOT_CLASS = YES_ERROR;
				CLANG_WARN_QUOTED_INCLUDE_IN_FRAMEWORK_HEADER = YES;
				CLANG_WARN_RANGE_LOOP_ANALYSIS = YES;
				CLANG_WARN_STRICT_PROTOTYPES = YES;
				CLANG_WARN_SUSPICIOUS_MOVE = YES;
				CLANG_WARN_UNGUARDED_AVAILABILITY = YES_AGGRESSIVE;
				CLANG_WARN_UNREACHABLE_CODE = YES;
				CLANG_WARN__DUPLICATE_METHOD_MATCH = YES;
				COPY_PHASE_STRIP = NO;
				DEBUG_INFORMATION_FORMAT = dwarf;
				ENABLE_STRICT_OBJC_MSGSEND = YES;
				ENABLE_TESTABILITY = YES;
				GCC_C_LANGUAGE_STANDARD = gnu11;
				GCC_DYNAMIC_NO_PIC = NO;
				GCC_NO_COMMON_BLOCKS = YES;
				GCC_OPTIMIZATION_LEVEL = 0;
				GCC_PREPROCESSOR_DEFINITIONS = (
					"DEBUG=1",
					"$(inherited)",
				);
				GCC_WARN_64_TO_32_BIT_CONVERSION = YES;
				GCC_WARN_ABOUT_RETURN_TYPE = YES_ERROR;
				GCC_WARN_UNDECLARED_SELECTOR = YES;
				GCC_WARN_UNINITIALIZED_AUTOS = YES_AGGRESSIVE;
				GCC_WARN_UNUSED_FUNCTION = YES;
				GCC_WARN_UNUSED_VARIABLE = YES;
				IPHONEOS_DEPLOYMENT_TARGET = 16.4;
				MTL_ENABLE_DEBUG_INFO = INCLUDE_SOURCE;
				MTL_FAST_MATH = YES;
				ONLY_ACTIVE_ARCH = YES;
				SDKROOT = iphoneos;
				SWIFT_ACTIVE_COMPILATION_CONDITIONS = DEBUG;
				SWIFT_OPTIMIZATION_LEVEL = "-Onone";
			};
			name = Debug;
		};
		649A2DE22A3C969200493E53 /* Release */ = {
			isa = XCBuildConfiguration;
			buildSettings = {
				ALWAYS_SEARCH_USER_PATHS = NO;
				CLANG_ANALYZER_NONNULL = YES;
				CLANG_ANALYZER_NUMBER_OBJECT_CONVERSION = YES_AGGRESSIVE;
				CLANG_CXX_LANGUAGE_STANDARD = "gnu++20";
				CLANG_ENABLE_MODULES = YES;
				CLANG_ENABLE_OBJC_ARC = YES;
				CLANG_ENABLE_OBJC_WEAK = YES;
				CLANG_WARN_BLOCK_CAPTURE_AUTORELEASING = YES;
				CLANG_WARN_BOOL_CONVERSION = YES;
				CLANG_WARN_COMMA = YES;
				CLANG_WARN_CONSTANT_CONVERSION = YES;
				CLANG_WARN_DEPRECATED_OBJC_IMPLEMENTATIONS = YES;
				CLANG_WARN_DIRECT_OBJC_ISA_USAGE = YES_ERROR;
				CLANG_WARN_DOCUMENTATION_COMMENTS = YES;
				CLANG_WARN_EMPTY_BODY = YES;
				CLANG_WARN_ENUM_CONVERSION = YES;
				CLANG_WARN_INFINITE_RECURSION = YES;
				CLANG_WARN_INT_CONVERSION = YES;
				CLANG_WARN_NON_LITERAL_NULL_CONVERSION = YES;
				CLANG_WARN_OBJC_IMPLICIT_RETAIN_SELF = YES;
				CLANG_WARN_OBJC_LITERAL_CONVERSION = YES;
				CLANG_WARN_OBJC_ROOT_CLASS = YES_ERROR;
				CLANG_WARN_QUOTED_INCLUDE_IN_FRAMEWORK_HEADER = YES;
				CLANG_WARN_RANGE_LOOP_ANALYSIS = YES;
				CLANG_WARN_STRICT_PROTOTYPES = YES;
				CLANG_WARN_SUSPICIOUS_MOVE = YES;
				CLANG_WARN_UNGUARDED_AVAILABILITY = YES_AGGRESSIVE;
				CLANG_WARN_UNREACHABLE_CODE = YES;
				CLANG_WARN__DUPLICATE_METHOD_MATCH = YES;
				COPY_PHASE_STRIP = NO;
				DEBUG_INFORMATION_FORMAT = "dwarf-with-dsym";
				ENABLE_NS_ASSERTIONS = NO;
				ENABLE_STRICT_OBJC_MSGSEND = YES;
				GCC_C_LANGUAGE_STANDARD = gnu11;
				GCC_NO_COMMON_BLOCKS = YES;
				GCC_WARN_64_TO_32_BIT_CONVERSION = YES;
				GCC_WARN_ABOUT_RETURN_TYPE = YES_ERROR;
				GCC_WARN_UNDECLARED_SELECTOR = YES;
				GCC_WARN_UNINITIALIZED_AUTOS = YES_AGGRESSIVE;
				GCC_WARN_UNUSED_FUNCTION = YES;
				GCC_WARN_UNUSED_VARIABLE = YES;
				IPHONEOS_DEPLOYMENT_TARGET = 16.4;
				MTL_ENABLE_DEBUG_INFO = NO;
				MTL_FAST_MATH = YES;
				SDKROOT = iphoneos;
				SWIFT_COMPILATION_MODE = wholemodule;
				SWIFT_OPTIMIZATION_LEVEL = "-O";
				VALIDATE_PRODUCT = YES;
			};
			name = Release;
		};
		649A2DE42A3C969200493E53 /* Debug */ = {
			isa = XCBuildConfiguration;
			buildSettings = {
				ASSETCATALOG_COMPILER_APPICON_NAME = AppIcon;
				ASSETCATALOG_COMPILER_GLOBAL_ACCENT_COLOR_NAME = AccentColor;
				CODE_SIGN_STYLE = Automatic;
				CURRENT_PROJECT_VERSION = 1;
				DEVELOPMENT_ASSET_PATHS = "\"Movies/Preview Content\"";
				ENABLE_PREVIEWS = YES;
				GENERATE_INFOPLIST_FILE = YES;
				INFOPLIST_KEY_UIApplicationSceneManifest_Generation = YES;
				INFOPLIST_KEY_UIApplicationSupportsIndirectInputEvents = YES;
				INFOPLIST_KEY_UILaunchScreen_Generation = YES;
				INFOPLIST_KEY_UISupportedInterfaceOrientations_iPad = "UIInterfaceOrientationPortrait UIInterfaceOrientationPortraitUpsideDown UIInterfaceOrientationLandscapeLeft UIInterfaceOrientationLandscapeRight";
				INFOPLIST_KEY_UISupportedInterfaceOrientations_iPhone = "UIInterfaceOrientationPortrait UIInterfaceOrientationLandscapeLeft UIInterfaceOrientationLandscapeRight";
				LD_RUNPATH_SEARCH_PATHS = (
					"$(inherited)",
					"@executable_path/Frameworks",
				);
				MARKETING_VERSION = 1.0;
				PRODUCT_BUNDLE_IDENTIFIER = com.epam.Movies;
				PRODUCT_NAME = "$(TARGET_NAME)";
				SWIFT_EMIT_LOC_STRINGS = YES;
				SWIFT_VERSION = 5.0;
				TARGETED_DEVICE_FAMILY = "1,2";
			};
			name = Debug;
		};
		649A2DE52A3C969200493E53 /* Release */ = {
			isa = XCBuildConfiguration;
			buildSettings = {
				ASSETCATALOG_COMPILER_APPICON_NAME = AppIcon;
				ASSETCATALOG_COMPILER_GLOBAL_ACCENT_COLOR_NAME = AccentColor;
				CODE_SIGN_STYLE = Automatic;
				CURRENT_PROJECT_VERSION = 1;
				DEVELOPMENT_ASSET_PATHS = "\"Movies/Preview Content\"";
				ENABLE_PREVIEWS = YES;
				GENERATE_INFOPLIST_FILE = YES;
				INFOPLIST_KEY_UIApplicationSceneManifest_Generation = YES;
				INFOPLIST_KEY_UIApplicationSupportsIndirectInputEvents = YES;
				INFOPLIST_KEY_UILaunchScreen_Generation = YES;
				INFOPLIST_KEY_UISupportedInterfaceOrientations_iPad = "UIInterfaceOrientationPortrait UIInterfaceOrientationPortraitUpsideDown UIInterfaceOrientationLandscapeLeft UIInterfaceOrientationLandscapeRight";
				INFOPLIST_KEY_UISupportedInterfaceOrientations_iPhone = "UIInterfaceOrientationPortrait UIInterfaceOrientationLandscapeLeft UIInterfaceOrientationLandscapeRight";
				LD_RUNPATH_SEARCH_PATHS = (
					"$(inherited)",
					"@executable_path/Frameworks",
				);
				MARKETING_VERSION = 1.0;
				PRODUCT_BUNDLE_IDENTIFIER = com.epam.Movies;
				PRODUCT_NAME = "$(TARGET_NAME)";
				SWIFT_EMIT_LOC_STRINGS = YES;
				SWIFT_VERSION = 5.0;
				TARGETED_DEVICE_FAMILY = "1,2";
			};
			name = Release;
		};
/* End XCBuildConfiguration section */

/* Begin XCConfigurationList section */
		649A2DD02A3C969000493E53 /* Build configuration list for PBXProject "Movies" */ = {
			isa = XCConfigurationList;
			buildConfigurations = (
				649A2DE12A3C969200493E53 /* Debug */,
				649A2DE22A3C969200493E53 /* Release */,
			);
			defaultConfigurationIsVisible = 0;
			defaultConfigurationName = Release;
		};
		649A2DE32A3C969200493E53 /* Build configuration list for PBXNativeTarget "Movies" */ = {
			isa = XCConfigurationList;
			buildConfigurations = (
				649A2DE42A3C969200493E53 /* Debug */,
				649A2DE52A3C969200493E53 /* Release */,
			);
			defaultConfigurationIsVisible = 0;
			defaultConfigurationName = Release;
		};
/* End XCConfigurationList section */
	};
	rootObject = 649A2DCD2A3C969000493E53 /* Project object */;
}
